
Microsoft Visual Studio Solution File, Format Version 12.00
# Visual Studio 15
VisualStudioVersion = 15.0.28307.1000
MinimumVisualStudioVersion = 10.0.40219.1
Project("{8BC9CEB8-8B4A-11D0-8D11-00A0C91BC942}") = "PROYECTO_CG", "PROYECTO_CG\PROYECTO_CG.vcxproj", "{49D3E60B-278C-4738-A481-7A9130D5E029}"
EndProject
Global
	GlobalSection(SolutionConfigurationPlatforms) = preSolution
		Debug|x64 = Debug|x64
		Debug|x86 = Debug|x86
		Release|x64 = Release|x64
		Release|x86 = Release|x86
	EndGlobalSection
	GlobalSection(ProjectConfigurationPlatforms) = postSolution
		{49D3E60B-278C-4738-A481-7A9130D5E029}.Debug|x64.ActiveCfg = Debug|x64
		{49D3E60B-278C-4738-A481-7A9130D5E029}.Debug|x64.Build.0 = Debug|x64
		{49D3E60B-278C-4738-A481-7A9130D5E029}.Debug|x86.ActiveCfg = Debug|Win32
		{49D3E60B-278C-4738-A481-7A9130D5E029}.Debug|x86.Build.0 = Debug|Win32
		{49D3E60B-278C-4738-A481-7A9130D5E029}.Release|x64.ActiveCfg = Release|x64
		{49D3E60B-278C-4738-A481-7A9130D5E029}.Release|x64.Build.0 = Release|x64
		{49D3E60B-278C-4738-A481-7A9130D5E029}.Release|x86.ActiveCfg = Release|Win32
		{49D3E60B-278C-4738-A481-7A9130D5E029}.Release|x86.Build.0 = Release|Win32
	EndGlobalSection
	GlobalSection(SolutionProperties) = preSolution
		HideSolutionNode = FALSE
	EndGlobalSection
	GlobalSection(ExtensibilityGlobals) = postSolution
		SolutionGuid = {79D91874-4BCA-4892-98AE-0EFAB4E45B16}
	EndGlobalSection
EndGlobal
